
Microsoft Visual Studio Solution File, Format Version 12.00
# Visual Studio Version 17
VisualStudioVersion = 17.0.31903.59
MinimumVisualStudioVersion = 10.0.40219.1
Project("{2150E333-8FDC-42A3-9474-1A3956D46DE8}") = "backend", "backend", "{1AE8ACA6-933B-BF2A-3671-3E2EAC007D16}"
EndProject
Project("{2150E333-8FDC-42A3-9474-1A3956D46DE8}") = "src", "src", "{0F9113EE-888A-26D2-68B0-4A7D0A2A8745}"
EndProject
Project("{FAE04EC0-301F-11D3-BF4B-00C04F79EFBC}") = "ECBS.Api", "backend\src\ECBS.Api\ECBS.Api.csproj", "{BBA13202-5AEA-4EBE-961B-B04A534F7335}"
EndProject
Project("{FAE04EC0-301F-11D3-BF4B-00C04F79EFBC}") = "ECBS.Application", "backend\src\ECBS.Application\ECBS.Application.csproj", "{7172BA93-5DF9-4B73-8069-5E6DECE92FE4}"
EndProject
Project("{FAE04EC0-301F-11D3-BF4B-00C04F79EFBC}") = "ECBS.Domain", "backend\src\ECBS.Domain\ECBS.Domain.csproj", "{3F4361F0-CC99-4C81-990A-2A7323B8C3D8}"
EndProject
Project("{FAE04EC0-301F-11D3-BF4B-00C04F79EFBC}") = "ECBS.Infrastructure", "backend\src\ECBS.Infrastructure\ECBS.Infrastructure.csproj", "{2C3F1EF1-E282-4005-87AD-3B6A315712F6}"
EndProject
Project("{FAE04EC0-301F-11D3-BF4B-00C04F79EFBC}") = "ECBS.Tests", "backend\tests\ECBS.Tests\ECBS.Tests.csproj", "{FE93F328-8E7C-4E00-838C-D64F37DD436F}"
EndProject
Global
	GlobalSection(SolutionConfigurationPlatforms) = preSolution
		Debug|Any CPU = Debug|Any CPU
		Debug|x64 = Debug|x64
		Debug|x86 = Debug|x86
		Release|Any CPU = Release|Any CPU
		Release|x64 = Release|x64
		Release|x86 = Release|x86
	EndGlobalSection
	GlobalSection(ProjectConfigurationPlatforms) = postSolution
		{BBA13202-5AEA-4EBE-961B-B04A534F7335}.Debug|Any CPU.ActiveCfg = Debug|Any CPU
		{BBA13202-5AEA-4EBE-961B-B04A534F7335}.Debug|Any CPU.Build.0 = Debug|Any CPU
		{BBA13202-5AEA-4EBE-961B-B04A534F7335}.Debug|x64.ActiveCfg = Debug|Any CPU
		{BBA13202-5AEA-4EBE-961B-B04A534F7335}.Debug|x64.Build.0 = Debug|Any CPU
		{BBA13202-5AEA-4EBE-961B-B04A534F7335}.Debug|x86.ActiveCfg = Debug|Any CPU
		{BBA13202-5AEA-4EBE-961B-B04A534F7335}.Debug|x86.Build.0 = Debug|Any CPU
		{BBA13202-5AEA-4EBE-961B-B04A534F7335}.Release|Any CPU.ActiveCfg = Release|Any CPU
		{BBA13202-5AEA-4EBE-961B-B04A534F7335}.Release|Any CPU.Build.0 = Release|Any CPU
		{BBA13202-5AEA-4EBE-961B-B04A534F7335}.Release|x64.ActiveCfg = Release|Any CPU
		{BBA13202-5AEA-4EBE-961B-B04A534F7335}.Release|x64.Build.0 = Release|Any CPU
		{BBA13202-5AEA-4EBE-961B-B04A534F7335}.Release|x86.ActiveCfg = Release|Any CPU
		{BBA13202-5AEA-4EBE-961B-B04A534F7335}.Release|x86.Build.0 = Release|Any CPU
		{7172BA93-5DF9-4B73-8069-5E6DECE92FE4}.Debug|Any CPU.ActiveCfg = Debug|Any CPU
		{7172BA93-5DF9-4B73-8069-5E6DECE92FE4}.Debug|Any CPU.Build.0 = Debug|Any CPU
		{7172BA93-5DF9-4B73-8069-5E6DECE92FE4}.Debug|x64.ActiveCfg = Debug|Any CPU
		{7172BA93-5DF9-4B73-8069-5E6DECE92FE4}.Debug|x64.Build.0 = Debug|Any CPU
		{7172BA93-5DF9-4B73-8069-5E6DECE92FE4}.Debug|x86.ActiveCfg = Debug|Any CPU
		{7172BA93-5DF9-4B73-8069-5E6DECE92FE4}.Debug|x86.Build.0 = Debug|Any CPU
		{7172BA93-5DF9-4B73-8069-5E6DECE92FE4}.Release|Any CPU.ActiveCfg = Release|Any CPU
		{7172BA93-5DF9-4B73-8069-5E6DECE92FE4}.Release|Any CPU.Build.0 = Release|Any CPU
		{7172BA93-5DF9-4B73-8069-5E6DECE92FE4}.Release|x64.ActiveCfg = Release|Any CPU
		{7172BA93-5DF9-4B73-8069-5E6DECE92FE4}.Release|x64.Build.0 = Release|Any CPU
		{7172BA93-5DF9-4B73-8069-5E6DECE92FE4}.Release|x86.ActiveCfg = Release|Any CPU
		{7172BA93-5DF9-4B73-8069-5E6DECE92FE4}.Release|x86.Build.0 = Release|Any CPU
		{3F4361F0-CC99-4C81-990A-2A7323B8C3D8}.Debug|Any CPU.ActiveCfg = Debug|Any CPU
		{3F4361F0-CC99-4C81-990A-2A7323B8C3D8}.Debug|Any CPU.Build.0 = Debug|Any CPU
		{3F4361F0-CC99-4C81-990A-2A7323B8C3D8}.Debug|x64.ActiveCfg = Debug|Any CPU
		{3F4361F0-CC99-4C81-990A-2A7323B8C3D8}.Debug|x64.Build.0 = Debug|Any CPU
		{3F4361F0-CC99-4C81-990A-2A7323B8C3D8}.Debug|x86.ActiveCfg = Debug|Any CPU
		{3F4361F0-CC99-4C81-990A-2A7323B8C3D8}.Debug|x86.Build.0 = Debug|Any CPU
		{3F4361F0-CC99-4C81-990A-2A7323B8C3D8}.Release|Any CPU.ActiveCfg = Release|Any CPU
		{3F4361F0-CC99-4C81-990A-2A7323B8C3D8}.Release|Any CPU.Build.0 = Release|Any CPU
		{3F4361F0-CC99-4C81-990A-2A7323B8C3D8}.Release|x64.ActiveCfg = Release|Any CPU
		{3F4361F0-CC99-4C81-990A-2A7323B8C3D8}.Release|x64.Build.0 = Release|Any CPU
		{3F4361F0-CC99-4C81-990A-2A7323B8C3D8}.Release|x86.ActiveCfg = Release|Any CPU
		{3F4361F0-CC99-4C81-990A-2A7323B8C3D8}.Release|x86.Build.0 = Release|Any CPU
		{2C3F1EF1-E282-4005-87AD-3B6A315712F6}.Debug|Any CPU.ActiveCfg = Debug|Any CPU
		{2C3F1EF1-E282-4005-87AD-3B6A315712F6}.Debug|Any CPU.Build.0 = Debug|Any CPU
		{2C3F1EF1-E282-4005-87AD-3B6A315712F6}.Debug|x64.ActiveCfg = Debug|Any CPU
		{2C3F1EF1-E282-4005-87AD-3B6A315712F6}.Debug|x64.Build.0 = Debug|Any CPU
		{2C3F1EF1-E282-4005-87AD-3B6A315712F6}.Debug|x86.ActiveCfg = Debug|Any CPU
		{2C3F1EF1-E282-4005-87AD-3B6A315712F6}.Debug|x86.Build.0 = Debug|Any CPU
		{2C3F1EF1-E282-4005-87AD-3B6A315712F6}.Release|Any CPU.ActiveCfg = Release|Any CPU
		{2C3F1EF1-E282-4005-87AD-3B6A315712F6}.Release|Any CPU.Build.0 = Release|Any CPU
		{2C3F1EF1-E282-4005-87AD-3B6A315712F6}.Release|x64.ActiveCfg = Release|Any CPU
		{2C3F1EF1-E282-4005-87AD-3B6A315712F6}.Release|x64.Build.0 = Release|Any CPU
		{2C3F1EF1-E282-4005-87AD-3B6A315712F6}.Release|x86.ActiveCfg = Release|Any CPU
		{2C3F1EF1-E282-4005-87AD-3B6A315712F6}.Release|x86.Build.0 = Release|Any CPU
		{FE93F328-8E7C-4E00-838C-D64F37DD436F}.Debug|Any CPU.ActiveCfg = Debug|Any CPU
		{FE93F328-8E7C-4E00-838C-D64F37DD436F}.Debug|Any CPU.Build.0 = Debug|Any CPU
		{FE93F328-8E7C-4E00-838C-D64F37DD436F}.Debug|x64.ActiveCfg = Debug|Any CPU
		{FE93F328-8E7C-4E00-838C-D64F37DD436F}.Debug|x64.Build.0 = Debug|Any CPU
		{FE93F328-8E7C-4E00-838C-D64F37DD436F}.Debug|x86.ActiveCfg = Debug|Any CPU
		{FE93F328-8E7C-4E00-838C-D64F37DD436F}.Debug|x86.Build.0 = Debug|Any CPU
		{FE93F328-8E7C-4E00-838C-D64F37DD436F}.Release|Any CPU.ActiveCfg = Release|Any CPU
		{FE93F328-8E7C-4E00-838C-D64F37DD436F}.Release|Any CPU.Build.0 = Release|Any CPU
		{FE93F328-8E7C-4E00-838C-D64F37DD436F}.Release|x64.ActiveCfg = Release|Any CPU
		{FE93F328-8E7C-4E00-838C-D64F37DD436F}.Release|x64.Build.0 = Release|Any CPU
		{FE93F328-8E7C-4E00-838C-D64F37DD436F}.Release|x86.ActiveCfg = Release|Any CPU
		{FE93F328-8E7C-4E00-838C-D64F37DD436F}.Release|x86.Build.0 = Release|Any CPU
	EndGlobalSection
	GlobalSection(SolutionProperties) = preSolution
		HideSolutionNode = FALSE
	EndGlobalSection
	GlobalSection(NestedProjects) = preSolution
		{0F9113EE-888A-26D2-68B0-4A7D0A2A8745} = {1AE8ACA6-933B-BF2A-3671-3E2EAC007D16}
		{BBA13202-5AEA-4EBE-961B-B04A534F7335} = {0F9113EE-888A-26D2-68B0-4A7D0A2A8745}
		{7172BA93-5DF9-4B73-8069-5E6DECE92FE4} = {0F9113EE-888A-26D2-68B0-4A7D0A2A8745}
		{3F4361F0-CC99-4C81-990A-2A7323B8C3D8} = {0F9113EE-888A-26D2-68B0-4A7D0A2A8745}
		{2C3F1EF1-E282-4005-87AD-3B6A315712F6} = {0F9113EE-888A-26D2-68B0-4A7D0A2A8745}
		{FE93F328-8E7C-4E00-838C-D64F37DD436F} = {0F9113EE-888A-26D2-68B0-4A7D0A2A8745}
	EndGlobalSection
EndGlobal
